
Microsoft Visual Studio Solution File, Format Version 12.00
# Visual Studio Version 17
VisualStudioVersion = 17.4.33122.133
MinimumVisualStudioVersion = 10.0.40219.1
Project("{FAE04EC0-301F-11D3-BF4B-00C04F79EFBC}") = "SwaggerAPI", "SwaggerAPI\SwaggerAPI.csproj", "{BA8640B2-BA8C-44BF-AADE-24D9A9C4544B}"
EndProject
Global
	GlobalSection(SolutionConfigurationPlatforms) = preSolution
		Debug|Any CPU = Debug|Any CPU
		Release|Any CPU = Release|Any CPU
	EndGlobalSection
	GlobalSection(ProjectConfigurationPlatforms) = postSolution
		{BA8640B2-BA8C-44BF-AADE-24D9A9C4544B}.Debug|Any CPU.ActiveCfg = Debug|Any CPU
		{BA8640B2-BA8C-44BF-AADE-24D9A9C4544B}.Debug|Any CPU.Build.0 = Debug|Any CPU
		{BA8640B2-BA8C-44BF-AADE-24D9A9C4544B}.Release|Any CPU.ActiveCfg = Release|Any CPU
		{BA8640B2-BA8C-44BF-AADE-24D9A9C4544B}.Release|Any CPU.Build.0 = Release|Any CPU
	EndGlobalSection
	GlobalSection(SolutionProperties) = preSolution
		HideSolutionNode = FALSE
	EndGlobalSection
	GlobalSection(ExtensibilityGlobals) = postSolution
		SolutionGuid = {3B020CFA-DCA0-48EB-8CFD-92DD45CFA8AF}
	EndGlobalSection
EndGlobal
